
Microsoft Visual Studio Solution File, Format Version 12.00
# Visual Studio 2013
VisualStudioVersion = 12.0.21005.1
MinimumVisualStudioVersion = 10.0.40219.1
Project("{FAE04EC0-301F-11D3-BF4B-00C04F79EFBC}") = "AddInSideAdapters", "AddinSideAdapters\AddInSideAdapters.csproj", "{2706F13D-BB2F-415B-9684-FFC57A2CB1C4}"
EndProject
Project("{FAE04EC0-301F-11D3-BF4B-00C04F79EFBC}") = "AddInSideViews", "AddinSideViews\AddInSideViews.csproj", "{EA8F8D02-E137-4406-BC74-CAF73C017E4C}"
EndProject
Project("{FAE04EC0-301F-11D3-BF4B-00C04F79EFBC}") = "Contracts", "Contracts\Contracts.csproj", "{DDEEA81E-0710-44FF-B229-8A5AFDE022BF}"
EndProject
Project("{FAE04EC0-301F-11D3-BF4B-00C04F79EFBC}") = "HostSideAdapters", "HostSideAdapters\HostSideAdapters.csproj", "{0CE49FBB-8C41-4FB3-828D-BC3D54717159}"
EndProject
Project("{FAE04EC0-301F-11D3-BF4B-00C04F79EFBC}") = "HostSideViews", "HostSideViews\HostSideViews.csproj", "{8BBA4F9F-47AA-4DC0-81CF-71080A4861F4}"
EndProject
Project("{2150E333-8FDC-42A3-9474-1A3956D46DE8}") = "Addins", "Addins", "{8D8B29E9-0EAB-49A4-AADC-E556D43E325F}"
EndProject
Project("{FAE04EC0-301F-11D3-BF4B-00C04F79EFBC}") = "AddInFirst", "Addins\AddinsFirst\AddInFirst.csproj", "{C59AECE1-481F-477F-98DA-A454CBD1D134}"
EndProject
Project("{FAE04EC0-301F-11D3-BF4B-00C04F79EFBC}") = "HostWpfApplication", "HostWpfApplication\HostWpfApplication.csproj", "{571EF0AC-0274-4A13-AD42-EC5186557489}"
EndProject
Global
	GlobalSection(SolutionConfigurationPlatforms) = preSolution
		Debug|Any CPU = Debug|Any CPU
		Release|Any CPU = Release|Any CPU
	EndGlobalSection
	GlobalSection(ProjectConfigurationPlatforms) = postSolution
		{2706F13D-BB2F-415B-9684-FFC57A2CB1C4}.Debug|Any CPU.ActiveCfg = Debug|Any CPU
		{2706F13D-BB2F-415B-9684-FFC57A2CB1C4}.Debug|Any CPU.Build.0 = Debug|Any CPU
		{2706F13D-BB2F-415B-9684-FFC57A2CB1C4}.Release|Any CPU.ActiveCfg = Release|Any CPU
		{2706F13D-BB2F-415B-9684-FFC57A2CB1C4}.Release|Any CPU.Build.0 = Release|Any CPU
		{EA8F8D02-E137-4406-BC74-CAF73C017E4C}.Debug|Any CPU.ActiveCfg = Debug|Any CPU
		{EA8F8D02-E137-4406-BC74-CAF73C017E4C}.Debug|Any CPU.Build.0 = Debug|Any CPU
		{EA8F8D02-E137-4406-BC74-CAF73C017E4C}.Release|Any CPU.ActiveCfg = Release|Any CPU
		{EA8F8D02-E137-4406-BC74-CAF73C017E4C}.Release|Any CPU.Build.0 = Release|Any CPU
		{DDEEA81E-0710-44FF-B229-8A5AFDE022BF}.Debug|Any CPU.ActiveCfg = Debug|Any CPU
		{DDEEA81E-0710-44FF-B229-8A5AFDE022BF}.Debug|Any CPU.Build.0 = Debug|Any CPU
		{DDEEA81E-0710-44FF-B229-8A5AFDE022BF}.Release|Any CPU.ActiveCfg = Release|Any CPU
		{DDEEA81E-0710-44FF-B229-8A5AFDE022BF}.Release|Any CPU.Build.0 = Release|Any CPU
		{0CE49FBB-8C41-4FB3-828D-BC3D54717159}.Debug|Any CPU.ActiveCfg = Debug|Any CPU
		{0CE49FBB-8C41-4FB3-828D-BC3D54717159}.Debug|Any CPU.Build.0 = Debug|Any CPU
		{0CE49FBB-8C41-4FB3-828D-BC3D54717159}.Release|Any CPU.ActiveCfg = Release|Any CPU
		{0CE49FBB-8C41-4FB3-828D-BC3D54717159}.Release|Any CPU.Build.0 = Release|Any CPU
		{8BBA4F9F-47AA-4DC0-81CF-71080A4861F4}.Debug|Any CPU.ActiveCfg = Debug|Any CPU
		{8BBA4F9F-47AA-4DC0-81CF-71080A4861F4}.Debug|Any CPU.Build.0 = Debug|Any CPU
		{8BBA4F9F-47AA-4DC0-81CF-71080A4861F4}.Release|Any CPU.ActiveCfg = Release|Any CPU
		{8BBA4F9F-47AA-4DC0-81CF-71080A4861F4}.Release|Any CPU.Build.0 = Release|Any CPU
		{C59AECE1-481F-477F-98DA-A454CBD1D134}.Debug|Any CPU.ActiveCfg = Debug|Any CPU
		{C59AECE1-481F-477F-98DA-A454CBD1D134}.Debug|Any CPU.Build.0 = Debug|Any CPU
		{C59AECE1-481F-477F-98DA-A454CBD1D134}.Release|Any CPU.ActiveCfg = Release|Any CPU
		{C59AECE1-481F-477F-98DA-A454CBD1D134}.Release|Any CPU.Build.0 = Release|Any CPU
		{571EF0AC-0274-4A13-AD42-EC5186557489}.Debug|Any CPU.ActiveCfg = Debug|Any CPU
		{571EF0AC-0274-4A13-AD42-EC5186557489}.Debug|Any CPU.Build.0 = Debug|Any CPU
		{571EF0AC-0274-4A13-AD42-EC5186557489}.Release|Any CPU.ActiveCfg = Release|Any CPU
		{571EF0AC-0274-4A13-AD42-EC5186557489}.Release|Any CPU.Build.0 = Release|Any CPU
	EndGlobalSection
	GlobalSection(SolutionProperties) = preSolution
		HideSolutionNode = FALSE
	EndGlobalSection
	GlobalSection(NestedProjects) = preSolution
		{C59AECE1-481F-477F-98DA-A454CBD1D134} = {8D8B29E9-0EAB-49A4-AADC-E556D43E325F}
	EndGlobalSection
EndGlobal
